
Microsoft Visual Studio Solution File, Format Version 12.00
# Visual Studio Version 16
VisualStudioVersion = 16.0.31613.86
MinimumVisualStudioVersion = 10.0.40219.1
Project("{FAE04EC0-301F-11D3-BF4B-00C04F79EFBC}") = "Week5.Day1.Demo.MVC", "Week5.Day1.Demo.MVC\Week5.Day1.Demo.MVC.csproj", "{098985B4-0468-4252-A658-CFDFEA7FE158}"
EndProject
Project("{FAE04EC0-301F-11D3-BF4B-00C04F79EFBC}") = "Week5.Day1.Demo.Core", "Week5.Day1.Demo.Core\Week5.Day1.Demo.Core.csproj", "{7FA06628-AB21-467D-953B-9A0F64279BAC}"
EndProject
Project("{FAE04EC0-301F-11D3-BF4B-00C04F79EFBC}") = "Week5.Day1.Demo.Mock", "Week5.Day1.Demo.Mock\Week5.Day1.Demo.Mock.csproj", "{8239194D-9064-41F9-986E-2E9EE12F87D8}"
EndProject
Global
	GlobalSection(SolutionConfigurationPlatforms) = preSolution
		Debug|Any CPU = Debug|Any CPU
		Release|Any CPU = Release|Any CPU
	EndGlobalSection
	GlobalSection(ProjectConfigurationPlatforms) = postSolution
		{098985B4-0468-4252-A658-CFDFEA7FE158}.Debug|Any CPU.ActiveCfg = Debug|Any CPU
		{098985B4-0468-4252-A658-CFDFEA7FE158}.Debug|Any CPU.Build.0 = Debug|Any CPU
		{098985B4-0468-4252-A658-CFDFEA7FE158}.Release|Any CPU.ActiveCfg = Release|Any CPU
		{098985B4-0468-4252-A658-CFDFEA7FE158}.Release|Any CPU.Build.0 = Release|Any CPU
		{7FA06628-AB21-467D-953B-9A0F64279BAC}.Debug|Any CPU.ActiveCfg = Debug|Any CPU
		{7FA06628-AB21-467D-953B-9A0F64279BAC}.Debug|Any CPU.Build.0 = Debug|Any CPU
		{7FA06628-AB21-467D-953B-9A0F64279BAC}.Release|Any CPU.ActiveCfg = Release|Any CPU
		{7FA06628-AB21-467D-953B-9A0F64279BAC}.Release|Any CPU.Build.0 = Release|Any CPU
		{8239194D-9064-41F9-986E-2E9EE12F87D8}.Debug|Any CPU.ActiveCfg = Debug|Any CPU
		{8239194D-9064-41F9-986E-2E9EE12F87D8}.Debug|Any CPU.Build.0 = Debug|Any CPU
		{8239194D-9064-41F9-986E-2E9EE12F87D8}.Release|Any CPU.ActiveCfg = Release|Any CPU
		{8239194D-9064-41F9-986E-2E9EE12F87D8}.Release|Any CPU.Build.0 = Release|Any CPU
	EndGlobalSection
	GlobalSection(SolutionProperties) = preSolution
		HideSolutionNode = FALSE
	EndGlobalSection
	GlobalSection(ExtensibilityGlobals) = postSolution
		SolutionGuid = {7A4A5D99-9C37-4455-86D6-F821397FC237}
	EndGlobalSection
EndGlobal
